<?xml version="1.0" encoding="utf-8"?>
<Project ToolsVersion="4.0" xmlns="http://schemas.microsoft.com/developer/msbuild/2003">
  <ItemGroup>
    <Filter Include="Common">
      <UniqueIdentifier>5ec1c08c-8c4e-4b4b-ba77-b4758b361852</UniqueIdentifier>
    </Filter>
    <Filter Include="Assets">
      <UniqueIdentifier>05ad0152-ac15-43c8-9feb-40c77ddbc4fa</UniqueIdentifier>
      <Extensions>ico;cur;bmp;dds;dlg;fbx;rct;bin;rgs;gif;jpg;jpeg;jpe;resx;tga;tiff;tif;png;wav;mfcribbon-ms</Extensions>
    </Filter>
  </ItemGroup>
  <ItemGroup>
    <ClInclude Include="StepTimer.h">
      <Filter>Common</Filter>
    </ClInclude>
    <ClInclude Include="Device\DirectX\DirectxHeaders.hpp" />
  </ItemGroup>
  <ItemGroup>
    <ClCompile Include="Device\Context\Context.ixx" />
    <ClCompile Include="Device\Device.ixx" />
    <ClCompile Include="Device\DirectX\Utils.ixx" />
    <ClCompile Include="Device\Context\Private\Context.cpp" />
    <ClCompile Include="Device\DirectX\D3DX12.ixx" />
    <ClCompile Include="Device\GPUScheduler\GPUScheduler.ixx" />
    <ClCompile Include="Device\GPUScheduler\Private\RenderNode.ixx" />
    <ClCompile Include="Device\GPUScheduler\Private\GPUScheduler.cpp" />
    <ClCompile Include="Renderable\Renderable.ixx" />
    <ClCompile Include="Device\Commands\CommandListPool.ixx" />
    <ClCompile Include="Device\Commands\Private\CommandListPool.cpp" />
    <ClCompile Include="Renderable\Private\Renderable.cpp" />
    <ClCompile Include="Device\CommandListStatistics\CommandListStatistics.ixx" />
    <ClCompile Include="Device\GPUJobQueue\GPUJobQueue.ixx" />
    <ClCompile Include="Device\GPUJobQueue\Private\GPUJobQueue.cpp" />
    <ClCompile Include="Device\GPUJobExecutor\GPUJobExecutor.ixx" />
    <ClCompile Include="Device\GPUJobExecutor\Private\GPUJobExecutor.cpp" />
  </ItemGroup>
  <ItemGroup>
    <ResourceCompile Include="resource.rc" />
  </ItemGroup>
  <ItemGroup>
    <Image Include="directx.ico">
      <Filter>Assets</Filter>
    </Image>
  </ItemGroup>
  <ItemGroup>
    <Manifest Include="settings.manifest">
      <Filter>Assets</Filter>
    </Manifest>
  </ItemGroup>
  <ItemGroup>
    <None Include="packages.config" />
  </ItemGroup>
</Project>